
Microsoft Visual Studio Solution File, Format Version 12.00
# Visual Studio Version 17
VisualStudioVersion = 17.6.33723.286
MinimumVisualStudioVersion = 10.0.40219.1
Project("{FAE04EC0-301F-11D3-BF4B-00C04F79EFBC}") = "Patcher", "Patcher.csproj", "{75B25296-93A8-43B1-8F00-DF59F5C08906}"
EndProject
Global
	GlobalSection(SolutionConfigurationPlatforms) = preSolution
		Debug|Any CPU = Debug|Any CPU
		Release|Any CPU = Release|Any CPU
	EndGlobalSection
	GlobalSection(ProjectConfigurationPlatforms) = postSolution
		{75B25296-93A8-43B1-8F00-DF59F5C08906}.Debug|Any CPU.ActiveCfg = Debug|Any CPU
		{75B25296-93A8-43B1-8F00-DF59F5C08906}.Debug|Any CPU.Build.0 = Debug|Any CPU
		{75B25296-93A8-43B1-8F00-DF59F5C08906}.Release|Any CPU.ActiveCfg = Release|Any CPU
		{75B25296-93A8-43B1-8F00-DF59F5C08906}.Release|Any CPU.Build.0 = Release|Any CPU
	EndGlobalSection
	GlobalSection(SolutionProperties) = preSolution
		HideSolutionNode = FALSE
	EndGlobalSection
	GlobalSection(ExtensibilityGlobals) = postSolution
		SolutionGuid = {14EF267C-6B9D-4E9C-B65B-958BF1492352}
	EndGlobalSection
EndGlobal
